
Microsoft Visual Studio Solution File, Format Version 12.00
# Visual Studio 2012
Project("{FAE04EC0-301F-11D3-BF4B-00C04F79EFBC}") = "SO.Urba.Web", "SO.Urba.Web\SO.Urba.Web.csproj", "{361286C9-2542-4D22-9E59-9909F10C150B}"
EndProject
Project("{FAE04EC0-301F-11D3-BF4B-00C04F79EFBC}") = "SO.Urba.Manager", "SO.Urba.Manager\SO.Urba.Manager.csproj", "{5CAA86A3-AEAD-426C-B822-4CB87B07B473}"
EndProject
Project("{FAE04EC0-301F-11D3-BF4B-00C04F79EFBC}") = "SO.Urba.Web.Tests", "SO.Urba.Web.Tests\SO.Urba.Web.Tests.csproj", "{389CF299-B3C4-4253-876E-98B4B0481E7E}"
EndProject
Project("{FAE04EC0-301F-11D3-BF4B-00C04F79EFBC}") = "SO.Urba.Utility", "SO.Urba.Utility\SO.Urba.Utility.csproj", "{C1C426CE-079B-4745-A65F-26A1DDF06235}"
EndProject
Project("{00D1A9C2-B5F0-4AF3-8072-F6C62B433612}") = "SO.Urba.Database", "SO.Urba.Database\SO.Urba.Database.sqlproj", "{90EDE18A-9022-439E-B83D-2F2A8650D8B5}"
EndProject
Global
	GlobalSection(SolutionConfigurationPlatforms) = preSolution
		Debug|Any CPU = Debug|Any CPU
		Release|Any CPU = Release|Any CPU
	EndGlobalSection
	GlobalSection(ProjectConfigurationPlatforms) = postSolution
		{361286C9-2542-4D22-9E59-9909F10C150B}.Debug|Any CPU.ActiveCfg = Debug|Any CPU
		{361286C9-2542-4D22-9E59-9909F10C150B}.Debug|Any CPU.Build.0 = Debug|Any CPU
		{361286C9-2542-4D22-9E59-9909F10C150B}.Release|Any CPU.ActiveCfg = Release|Any CPU
		{361286C9-2542-4D22-9E59-9909F10C150B}.Release|Any CPU.Build.0 = Release|Any CPU
		{5CAA86A3-AEAD-426C-B822-4CB87B07B473}.Debug|Any CPU.ActiveCfg = Debug|Any CPU
		{5CAA86A3-AEAD-426C-B822-4CB87B07B473}.Debug|Any CPU.Build.0 = Debug|Any CPU
		{5CAA86A3-AEAD-426C-B822-4CB87B07B473}.Release|Any CPU.ActiveCfg = Release|Any CPU
		{5CAA86A3-AEAD-426C-B822-4CB87B07B473}.Release|Any CPU.Build.0 = Release|Any CPU
		{389CF299-B3C4-4253-876E-98B4B0481E7E}.Debug|Any CPU.ActiveCfg = Debug|Any CPU
		{389CF299-B3C4-4253-876E-98B4B0481E7E}.Debug|Any CPU.Build.0 = Debug|Any CPU
		{389CF299-B3C4-4253-876E-98B4B0481E7E}.Release|Any CPU.ActiveCfg = Release|Any CPU
		{389CF299-B3C4-4253-876E-98B4B0481E7E}.Release|Any CPU.Build.0 = Release|Any CPU
		{C1C426CE-079B-4745-A65F-26A1DDF06235}.Debug|Any CPU.ActiveCfg = Debug|Any CPU
		{C1C426CE-079B-4745-A65F-26A1DDF06235}.Debug|Any CPU.Build.0 = Debug|Any CPU
		{C1C426CE-079B-4745-A65F-26A1DDF06235}.Release|Any CPU.ActiveCfg = Release|Any CPU
		{C1C426CE-079B-4745-A65F-26A1DDF06235}.Release|Any CPU.Build.0 = Release|Any CPU
		{90EDE18A-9022-439E-B83D-2F2A8650D8B5}.Debug|Any CPU.ActiveCfg = Debug|Any CPU
		{90EDE18A-9022-439E-B83D-2F2A8650D8B5}.Debug|Any CPU.Build.0 = Debug|Any CPU
		{90EDE18A-9022-439E-B83D-2F2A8650D8B5}.Debug|Any CPU.Deploy.0 = Debug|Any CPU
		{90EDE18A-9022-439E-B83D-2F2A8650D8B5}.Release|Any CPU.ActiveCfg = Release|Any CPU
		{90EDE18A-9022-439E-B83D-2F2A8650D8B5}.Release|Any CPU.Build.0 = Release|Any CPU
		{90EDE18A-9022-439E-B83D-2F2A8650D8B5}.Release|Any CPU.Deploy.0 = Release|Any CPU
	EndGlobalSection
	GlobalSection(SolutionProperties) = preSolution
		HideSolutionNode = FALSE
	EndGlobalSection
EndGlobal
